<Solution>
  <Project Path="NotaNaval/NotaNaval.csproj" Id="5f48620d-b6da-46ce-9bcb-2193167bfeb1" />
  <Project Path="NotaNaval.Presentation/NotaNaval.Presentation.csproj" Id="e509a4b8-77c0-4818-8a4a-a9ed5cb7e952" />
  <Project Path="NotaNaval.Tests/NotaNaval.Tests.csproj" Id="e3dbf1db-ccde-4345-b083-5da57e18e432" />
</Solution>
